<?xml version="1.0" encoding="utf-8"?>
<Project ToolsVersion="4.0" xmlns="http://schemas.microsoft.com/developer/msbuild/2003">
  <ItemGroup>
    <ClCompile Include="CASSET.cpp" />
    <ClCompile Include="CGAME.cpp" />
    <ClCompile Include="CMENU.cpp" />
    <ClCompile Include="CSETTING.cpp" />
    <ClCompile Include="GANIMATION.cpp" />
    <ClCompile Include="GSTATE.cpp" />
    <ClCompile Include="main.cpp" />
    <ClCompile Include="STATEMACHINE.cpp" />
    <ClCompile Include="CPLAYING.cpp" />
    <ClCompile Include="CBACKGROUND.cpp">
      <Filter>GUI</Filter>
    </ClCompile>
    <ClCompile Include="CLAYER.cpp">
      <Filter>GUI</Filter>
    </ClCompile>
    <ClCompile Include="CSHAPE.cpp">
      <Filter>GUI</Filter>
    </ClCompile>
    <ClCompile Include="GBUTTON.cpp">
      <Filter>GUI</Filter>
    </ClCompile>
    <ClCompile Include="CSCENENODE.cpp">
      <Filter>WORLD</Filter>
    </ClCompile>
    <ClCompile Include="CSPRITENODE.cpp">
      <Filter>WORLD</Filter>
    </ClCompile>
    <ClCompile Include="CENTITY.cpp">
      <Filter>WORLD</Filter>
    </ClCompile>
    <ClCompile Include="GWORLD.cpp">
      <Filter>WORLD</Filter>
    </ClCompile>
    <ClCompile Include="Aircraft.cpp">
      <Filter>WORLD</Filter>
    </ClCompile>
    <ClCompile Include="CROAD.cpp">
      <Filter>WORLD</Filter>
    </ClCompile>
    <ClCompile Include="COBSTACLE.cpp">
      <Filter>WORLD</Filter>
    </ClCompile>
    <ClCompile Include="CCREDIT.cpp" />
    <ClCompile Include="CRATING.cpp" />
    <ClCompile Include="CGAMEOVER.cpp" />
    <ClCompile Include="GMAP.cpp">
      <Filter>WORLD</Filter>
    </ClCompile>
    <ClCompile Include="CANIMAL.cpp">
      <Filter>WORLD</Filter>
    </ClCompile>
    <ClCompile Include="COBJECT.cpp">
      <Filter>WORLD</Filter>
    </ClCompile>
    <ClCompile Include="CPAUSE.cpp" />
    <ClCompile Include="CMONEY.cpp">
      <Filter>WORLD</Filter>
    </ClCompile>
    <ClCompile Include="CVEHICLE.cpp">
      <Filter>WORLD</Filter>
    </ClCompile>
  </ItemGroup>
  <ItemGroup>
    <ClInclude Include="CASSET.h" />
    <ClInclude Include="CGAME.h" />
    <ClInclude Include="CMENU.h" />
    <ClInclude Include="Constants.h" />
    <ClInclude Include="CSETTING.h" />
    <ClInclude Include="CSingleton.h" />
    <ClInclude Include="GANIMATION.h" />
    <ClInclude Include="GSTATE.h" />
    <ClInclude Include="STATEMACHINE.h" />
    <ClInclude Include="WindowConnector.h" />
    <ClInclude Include="CPLAYING.h" />
    <ClInclude Include="CLAYER.h">
      <Filter>GUI</Filter>
    </ClInclude>
    <ClInclude Include="CBACKGROUND.h">
      <Filter>GUI</Filter>
    </ClInclude>
    <ClInclude Include="CSHAPE.h">
      <Filter>GUI</Filter>
    </ClInclude>
    <ClInclude Include="GBUTTON.h">
      <Filter>GUI</Filter>
    </ClInclude>
    <ClInclude Include="CSCENENODE.h">
      <Filter>WORLD</Filter>
    </ClInclude>
    <ClInclude Include="CSPRITENODE.h">
      <Filter>WORLD</Filter>
    </ClInclude>
    <ClInclude Include="CFOREACH.h">
      <Filter>WORLD</Filter>
    </ClInclude>
    <ClInclude Include="CENTITY.h">
      <Filter>WORLD</Filter>
    </ClInclude>
    <ClInclude Include="CRESOURCEHOLDER.h">
      <Filter>WORLD</Filter>
    </ClInclude>
    <ClInclude Include="GWORLD.h">
      <Filter>WORLD</Filter>
    </ClInclude>
    <ClInclude Include="RESOURCEIDENTIFIER.h">
      <Filter>WORLD</Filter>
    </ClInclude>
    <ClInclude Include="Aircraft.h">
      <Filter>WORLD</Filter>
    </ClInclude>
    <ClInclude Include="CROAD.h">
      <Filter>WORLD</Filter>
    </ClInclude>
    <ClInclude Include="COBSTACLE.h">
      <Filter>WORLD</Filter>
    </ClInclude>
    <ClInclude Include="Others.h" />
    <ClInclude Include="CCREDIT.h" />
    <ClInclude Include="CRATING.h" />
    <ClInclude Include="CGAMEOVER.h" />
    <ClInclude Include="GMAP.h">
      <Filter>WORLD</Filter>
    </ClInclude>
    <ClInclude Include="CANIMAL.h">
      <Filter>WORLD</Filter>
    </ClInclude>
    <ClInclude Include="COBJECT.h">
      <Filter>WORLD</Filter>
    </ClInclude>
    <ClInclude Include="CPAUSE.h" />
    <ClInclude Include="PLAYER.h" />
    <ClInclude Include="CMONEY.h">
      <Filter>WORLD</Filter>
    </ClInclude>
    <ClInclude Include="CVEHICLE.h">
      <Filter>WORLD</Filter>
    </ClInclude>
  </ItemGroup>
  <ItemGroup>
    <Filter Include="GUI">
      <UniqueIdentifier>{c5eb0d8f-ab01-4f4a-a50b-1873ef1339c3}</UniqueIdentifier>
    </Filter>
    <Filter Include="WORLD">
      <UniqueIdentifier>{8c3fe70c-2c4e-40bf-9a48-6b534f6e2857}</UniqueIdentifier>
    </Filter>
  </ItemGroup>
  <ItemGroup>
    <None Include="CRESOURCEHOLDER.inl">
      <Filter>WORLD</Filter>
    </None>
  </ItemGroup>
</Project>